{
  "name": "@bit/rachelchen.a-ui.signin-signup-form",
  "version": "0.0.2",
  "lockfileVersion": 2,
  "requires": true,
  "packages": {
    "": {
      "name": "@bit/rachelchen.a-ui.signin-signup-form",
      "version": "0.0.2",
      "license": "SEE LICENSE IN LICENSE",
      "devDependencies": {}
    }
  }
}
